
Microsoft Visual Studio Solution File, Format Version 12.00
# Visual Studio Version 17
VisualStudioVersion = 17.4.33103.184
MinimumVisualStudioVersion = 10.0.40219.1
Project("{FAE04EC0-301F-11D3-BF4B-00C04F79EFBC}") = "VersionCreator", "VersionCreator\VersionCreator.csproj", "{9473DA5D-AA71-4510-B152-9B926C101942}"
EndProject
Global
	GlobalSection(SolutionConfigurationPlatforms) = preSolution
		Debug|Any CPU = Debug|Any CPU
		Release|Any CPU = Release|Any CPU
	EndGlobalSection
	GlobalSection(ProjectConfigurationPlatforms) = postSolution
		{9473DA5D-AA71-4510-B152-9B926C101942}.Debug|Any CPU.ActiveCfg = Debug|Any CPU
		{9473DA5D-AA71-4510-B152-9B926C101942}.Debug|Any CPU.Build.0 = Debug|Any CPU
		{9473DA5D-AA71-4510-B152-9B926C101942}.Release|Any CPU.ActiveCfg = Release|Any CPU
		{9473DA5D-AA71-4510-B152-9B926C101942}.Release|Any CPU.Build.0 = Release|Any CPU
	EndGlobalSection
	GlobalSection(SolutionProperties) = preSolution
		HideSolutionNode = FALSE
	EndGlobalSection
	GlobalSection(ExtensibilityGlobals) = postSolution
		SolutionGuid = {45C03B90-64F1-4C37-A033-B9F4A04FAFB9}
	EndGlobalSection
EndGlobal
